
Microsoft Visual Studio Solution File, Format Version 11.00
# Visual C# Express 2010
Project("{FAE04EC0-301F-11D3-BF4B-00C04F79EFBC}") = "CrazyDrift", "CrazyDrift\CrazyDrift\CrazyDrift.csproj", "{1BA25530-E389-4E19-B2D0-DA4D1952877C}"
EndProject
Project("{FAE04EC0-301F-11D3-BF4B-00C04F79EFBC}") = "CrazyDriftContent", "CrazyDrift\CrazyDriftContent\CrazyDriftContent.contentproj", "{C695A6B7-F603-47B3-8AF0-14AE618E09B9}"
EndProject
Global
	GlobalSection(SolutionConfigurationPlatforms) = preSolution
		Debug|x86 = Debug|x86
		Release|x86 = Release|x86
	EndGlobalSection
	GlobalSection(ProjectConfigurationPlatforms) = postSolution
		{1BA25530-E389-4E19-B2D0-DA4D1952877C}.Debug|x86.ActiveCfg = Debug|x86
		{1BA25530-E389-4E19-B2D0-DA4D1952877C}.Debug|x86.Build.0 = Debug|x86
		{1BA25530-E389-4E19-B2D0-DA4D1952877C}.Release|x86.ActiveCfg = Release|x86
		{1BA25530-E389-4E19-B2D0-DA4D1952877C}.Release|x86.Build.0 = Release|x86
		{C695A6B7-F603-47B3-8AF0-14AE618E09B9}.Debug|x86.ActiveCfg = Debug|x86
		{C695A6B7-F603-47B3-8AF0-14AE618E09B9}.Release|x86.ActiveCfg = Release|x86
	EndGlobalSection
	GlobalSection(SolutionProperties) = preSolution
		HideSolutionNode = FALSE
	EndGlobalSection
EndGlobal
